// !$*UTF8*$!
{
	archiveVersion = 1;
	classes = {
	};
	objectVersion = 46;
	objects = {

/* Begin PBXBuildFile section */
		EF4A88AE206B222B00B7A03F /* main.cpp in Sources */ = {isa = PBXBuildFile; fileRef = EF4A88AD206B222B00B7A03F /* main.cpp */; };
/* End PBXBuildFile section */

/* Begin PBXCopyFilesBuildPhase section */
		EF4A88A8206B222B00B7A03F /* CopyFiles */ = {
			isa = PBXCopyFilesBuildPhase;
			buildActionMask = 2147483647;
			dstPath = /usr/share/man/man1/;
			dstSubfolderSpec = 0;
			files = (
			);
			runOnlyForDeploymentPostprocessing = 1;
		};
/* End PBXCopyFilesBuildPhase section */

/* Begin PBXFileReference section */
		EF4A88AA206B222B00B7A03F /* generic systimatic gearset solver */ = {isa = PBXFileReference; explicitFileType = "compiled.mach-o.executable"; includeInIndex = 0; path = "generic systimatic gearset solver"; sourceTree = BUILT_PRODUCTS_DIR; };
		EF4A88AD206B222B00B7A03F /* main.cpp */ = {isa = PBXFileReference; lastKnownFileType = sourcecode.cpp.cpp; path = main.cpp; sourceTree = "<group>"; };
/* End PBXFileReference section */

/* Begin PBXFrameworksBuildPhase section */
		EF4A88A7206B222B00B7A03F /* Frameworks */ = {
			isa = PBXFrameworksBuildPhase;
			buildActionMask = 2147483647;
			files = (
			);
			runOnlyForDeploymentPostprocessing = 0;
		};
/* End PBXFrameworksBuildPhase section */

/* Begin PBXGroup section */
		EF4A88A1206B222B00B7A03F = {
			isa = PBXGroup;
			children = (
				EF4A88AC206B222B00B7A03F /* generic systimatic gearset solver */,
				EF4A88AB206B222B00B7A03F /* Products */,
			);
			sourceTree = "<group>";
		};
		EF4A88AB206B222B00B7A03F /* Products */ = {
			isa = PBXGroup;
			children = (
				EF4A88AA206B222B00B7A03F /* generic systimatic gearset solver */,
			);
			name = Products;
			sourceTree = "<group>";
		};
		EF4A88AC206B222B00B7A03F /* generic systimatic gearset solver */ = {
			isa = PBXGroup;
			children = (
				EF4A88AD206B222B00B7A03F /* main.cpp */,
			);
			path = "generic systimatic gearset solver";
			sourceTree = "<group>";
		};
/* End PBXGroup section */

/* Begin PBXNativeTarget section */
		EF4A88A9206B222B00B7A03F /* generic systimatic gearset solver */ = {
			isa = PBXNativeTarget;
			buildConfigurationList = EF4A88B1206B222B00B7A03F /* Build configuration list for PBXNativeTarget "generic systimatic gearset solver" */;
			buildPhases = (
				EF4A88A6206B222B00B7A03F /* Sources */,
				EF4A88A7206B222B00B7A03F /* Frameworks */,
				EF4A88A8206B222B00B7A03F /* CopyFiles */,
			);
			buildRules = (
			);
			dependencies = (
			);
			name = "generic systimatic gearset solver";
			productName = "generic systimatic gearset solver";
			productReference = EF4A88AA206B222B00B7A03F /* generic systimatic gearset solver */;
			productType = "com.apple.product-type.tool";
		};
/* End PBXNativeTarget section */

/* Begin PBXProject section */
		EF4A88A2206B222B00B7A03F /* Project object */ = {
			isa = PBXProject;
			attributes = {
				LastUpgradeCheck = 0720;
				ORGANIZATIONNAME = "Pimoh Orinx";
				TargetAttributes = {
					EF4A88A9206B222B00B7A03F = {
						CreatedOnToolsVersion = 7.2;
					};
				};
			};
			buildConfigurationList = EF4A88A5206B222B00B7A03F /* Build configuration list for PBXProject "generic systimatic gearset solver" */;
			compatibilityVersion = "Xcode 3.2";
			developmentRegion = English;
			hasScannedForEncodings = 0;
			knownRegions = (
				en,
			);
			mainGroup = EF4A88A1206B222B00B7A03F;
			productRefGroup = EF4A88AB206B222B00B7A03F /* Products */;
			projectDirPath = "";
			projectRoot = "";
			targets = (
				EF4A88A9206B222B00B7A03F /* generic systimatic gearset solver */,
			);
		};
/* End PBXProject section */

/* Begin PBXSourcesBuildPhase section */
		EF4A88A6206B222B00B7A03F /* Sources */ = {
			isa = PBXSourcesBuildPhase;
			buildActionMask = 2147483647;
			files = (
				EF4A88AE206B222B00B7A03F /* main.cpp in Sources */,
			);
			runOnlyForDeploymentPostprocessing = 0;
		};
/* End PBXSourcesBuildPhase section */

/* Begin XCBuildConfiguration section */
		EF4A88AF206B222B00B7A03F /* Debug */ = {
			isa = XCBuildConfiguration;
			buildSettings = {
				ALWAYS_SEARCH_USER_PATHS = NO;
				CLANG_CXX_LANGUAGE_STANDARD = "gnu++0x";
				CLANG_CXX_LIBRARY = "libc++";
				CLANG_ENABLE_MODULES = YES;
				CLANG_ENABLE_OBJC_ARC = YES;
				CLANG_WARN_BOOL_CONVERSION = YES;
				CLANG_WARN_CONSTANT_CONVERSION = YES;
				CLANG_WARN_DIRECT_OBJC_ISA_USAGE = YES_ERROR;
				CLANG_WARN_EMPTY_BODY = YES;
				CLANG_WARN_ENUM_CONVERSION = YES;
				CLANG_WARN_INT_CONVERSION = YES;
				CLANG_WARN_OBJC_ROOT_CLASS = YES_ERROR;
				CLANG_WARN_UNREACHABLE_CODE = YES;
				CLANG_WARN__DUPLICATE_METHOD_MATCH = YES;
				CODE_SIGN_IDENTITY = "-";
				COPY_PHASE_STRIP = NO;
				DEBUG_INFORMATION_FORMAT = dwarf;
				ENABLE_STRICT_OBJC_MSGSEND = YES;
				ENABLE_TESTABILITY = YES;
				GCC_C_LANGUAGE_STANDARD = gnu99;
				GCC_DYNAMIC_NO_PIC = NO;
				GCC_NO_COMMON_BLOCKS = YES;
				GCC_OPTIMIZATION_LEVEL = 0;
				GCC_PREPROCESSOR_DEFINITIONS = (
					"DEBUG=1",
					"$(inherited)",
				);
				GCC_WARN_64_TO_32_BIT_CONVERSION = YES;
				GCC_WARN_ABOUT_RETURN_TYPE = YES_ERROR;
				GCC_WARN_UNDECLARED_SELECTOR = YES;
				GCC_WARN_UNINITIALIZED_AUTOS = YES_AGGRESSIVE;
				GCC_WARN_UNUSED_FUNCTION = YES;
				GCC_WARN_UNUSED_VARIABLE = YES;
				MACOSX_DEPLOYMENT_TARGET = 10.11;
				MTL_ENABLE_DEBUG_INFO = YES;
				ONLY_ACTIVE_ARCH = YES;
				SDKROOT = macosx;
			};
			name = Debug;
		};
		EF4A88B0206B222B00B7A03F /* Release */ = {
			isa = XCBuildConfiguration;
			buildSettings = {
				ALWAYS_SEARCH_USER_PATHS = NO;
				CLANG_CXX_LANGUAGE_STANDARD = "gnu++0x";
				CLANG_CXX_LIBRARY = "libc++";
				CLANG_ENABLE_MODULES = YES;
				CLANG_ENABLE_OBJC_ARC = YES;
				CLANG_WARN_BOOL_CONVERSION = YES;
				CLANG_WARN_CONSTANT_CONVERSION = YES;
				CLANG_WARN_DIRECT_OBJC_ISA_USAGE = YES_ERROR;
				CLANG_WARN_EMPTY_BODY = YES;
				CLANG_WARN_ENUM_CONVERSION = YES;
				CLANG_WARN_INT_CONVERSION = YES;
				CLANG_WARN_OBJC_ROOT_CLASS = YES_ERROR;
				CLANG_WARN_UNREACHABLE_CODE = YES;
				CLANG_WARN__DUPLICATE_METHOD_MATCH = YES;
				CODE_SIGN_IDENTITY = "-";
				COPY_PHASE_STRIP = NO;
				DEBUG_INFORMATION_FORMAT = "dwarf-with-dsym";
				ENABLE_NS_ASSERTIONS = NO;
				ENABLE_STRICT_OBJC_MSGSEND = YES;
				GCC_C_LANGUAGE_STANDARD = gnu99;
				GCC_NO_COMMON_BLOCKS = YES;
				GCC_WARN_64_TO_32_BIT_CONVERSION = YES;
				GCC_WARN_ABOUT_RETURN_TYPE = YES_ERROR;
				GCC_WARN_UNDECLARED_SELECTOR = YES;
				GCC_WARN_UNINITIALIZED_AUTOS = YES_AGGRESSIVE;
				GCC_WARN_UNUSED_FUNCTION = YES;
				GCC_WARN_UNUSED_VARIABLE = YES;
				MACOSX_DEPLOYMENT_TARGET = 10.11;
				MTL_ENABLE_DEBUG_INFO = NO;
				SDKROOT = macosx;
			};
			name = Release;
		};
		EF4A88B2206B222B00B7A03F /* Debug */ = {
			isa = XCBuildConfiguration;
			buildSettings = {
				PRODUCT_NAME = "$(TARGET_NAME)";
			};
			name = Debug;
		};
		EF4A88B3206B222B00B7A03F /* Release */ = {
			isa = XCBuildConfiguration;
			buildSettings = {
				PRODUCT_NAME = "$(TARGET_NAME)";
			};
			name = Release;
		};
/* End XCBuildConfiguration section */

/* Begin XCConfigurationList section */
		EF4A88A5206B222B00B7A03F /* Build configuration list for PBXProject "generic systimatic gearset solver" */ = {
			isa = XCConfigurationList;
			buildConfigurations = (
				EF4A88AF206B222B00B7A03F /* Debug */,
				EF4A88B0206B222B00B7A03F /* Release */,
			);
			defaultConfigurationIsVisible = 0;
			defaultConfigurationName = Release;
		};
		EF4A88B1206B222B00B7A03F /* Build configuration list for PBXNativeTarget "generic systimatic gearset solver" */ = {
			isa = XCConfigurationList;
			buildConfigurations = (
				EF4A88B2206B222B00B7A03F /* Debug */,
				EF4A88B3206B222B00B7A03F /* Release */,
			);
			defaultConfigurationIsVisible = 0;
		};
/* End XCConfigurationList section */
	};
	rootObject = EF4A88A2206B222B00B7A03F /* Project object */;
}
